
Microsoft Visual Studio Solution File, Format Version 12.00
# Visual Studio Version 17
VisualStudioVersion = 17.3.32929.385
MinimumVisualStudioVersion = 10.0.40219.1
Project("{FAE04EC0-301F-11D3-BF4B-00C04F79EFBC}") = "GithubRepositories.API", "GithubRepositories.API\GithubRepositories.API.csproj", "{BFD602A6-6579-443A-BDA8-DC3104212A70}"
EndProject
Project("{FAE04EC0-301F-11D3-BF4B-00C04F79EFBC}") = "GithubRepositories.Model", "GithubRepositories.Model\GithubRepositories.Model.csproj", "{73D61053-9C30-4BD8-BDB8-D805E4CB8464}"
EndProject
Project("{FAE04EC0-301F-11D3-BF4B-00C04F79EFBC}") = "GithubRepositories.Respository", "GithubRepositories.Respository\GithubRepositories.Respository.csproj", "{FA2A9239-D916-4762-85B9-007CF620F60B}"
EndProject
Project("{FAE04EC0-301F-11D3-BF4B-00C04F79EFBC}") = "GithubRepositories.Service", "GithubRepositories.Service\GithubRepositories.Service.csproj", "{0A72E5B8-164D-4200-BDD0-1DDF1F95BC8E}"
EndProject
Project("{FAE04EC0-301F-11D3-BF4B-00C04F79EFBC}") = "GithubRepositories.Integration", "GithubRepositories.Integration\GithubRepositories.Integration.csproj", "{1BF29E50-6E76-405D-83A3-D1079A0FB1C2}"
EndProject
Global
	GlobalSection(SolutionConfigurationPlatforms) = preSolution
		Debug|Any CPU = Debug|Any CPU
		Release|Any CPU = Release|Any CPU
	EndGlobalSection
	GlobalSection(ProjectConfigurationPlatforms) = postSolution
		{BFD602A6-6579-443A-BDA8-DC3104212A70}.Debug|Any CPU.ActiveCfg = Debug|Any CPU
		{BFD602A6-6579-443A-BDA8-DC3104212A70}.Debug|Any CPU.Build.0 = Debug|Any CPU
		{BFD602A6-6579-443A-BDA8-DC3104212A70}.Release|Any CPU.ActiveCfg = Release|Any CPU
		{BFD602A6-6579-443A-BDA8-DC3104212A70}.Release|Any CPU.Build.0 = Release|Any CPU
		{73D61053-9C30-4BD8-BDB8-D805E4CB8464}.Debug|Any CPU.ActiveCfg = Debug|Any CPU
		{73D61053-9C30-4BD8-BDB8-D805E4CB8464}.Debug|Any CPU.Build.0 = Debug|Any CPU
		{73D61053-9C30-4BD8-BDB8-D805E4CB8464}.Release|Any CPU.ActiveCfg = Release|Any CPU
		{73D61053-9C30-4BD8-BDB8-D805E4CB8464}.Release|Any CPU.Build.0 = Release|Any CPU
		{FA2A9239-D916-4762-85B9-007CF620F60B}.Debug|Any CPU.ActiveCfg = Debug|Any CPU
		{FA2A9239-D916-4762-85B9-007CF620F60B}.Debug|Any CPU.Build.0 = Debug|Any CPU
		{FA2A9239-D916-4762-85B9-007CF620F60B}.Release|Any CPU.ActiveCfg = Release|Any CPU
		{FA2A9239-D916-4762-85B9-007CF620F60B}.Release|Any CPU.Build.0 = Release|Any CPU
		{0A72E5B8-164D-4200-BDD0-1DDF1F95BC8E}.Debug|Any CPU.ActiveCfg = Debug|Any CPU
		{0A72E5B8-164D-4200-BDD0-1DDF1F95BC8E}.Debug|Any CPU.Build.0 = Debug|Any CPU
		{0A72E5B8-164D-4200-BDD0-1DDF1F95BC8E}.Release|Any CPU.ActiveCfg = Release|Any CPU
		{0A72E5B8-164D-4200-BDD0-1DDF1F95BC8E}.Release|Any CPU.Build.0 = Release|Any CPU
		{1BF29E50-6E76-405D-83A3-D1079A0FB1C2}.Debug|Any CPU.ActiveCfg = Debug|Any CPU
		{1BF29E50-6E76-405D-83A3-D1079A0FB1C2}.Debug|Any CPU.Build.0 = Debug|Any CPU
		{1BF29E50-6E76-405D-83A3-D1079A0FB1C2}.Release|Any CPU.ActiveCfg = Release|Any CPU
		{1BF29E50-6E76-405D-83A3-D1079A0FB1C2}.Release|Any CPU.Build.0 = Release|Any CPU
	EndGlobalSection
	GlobalSection(SolutionProperties) = preSolution
		HideSolutionNode = FALSE
	EndGlobalSection
	GlobalSection(ExtensibilityGlobals) = postSolution
		SolutionGuid = {4A0732DE-CAB3-4461-A90B-93E657E6D00F}
	EndGlobalSection
EndGlobal
